
Microsoft Visual Studio Solution File, Format Version 12.00
# Visual Studio Version 17
VisualStudioVersion = 17.4.33205.214
MinimumVisualStudioVersion = 10.0.40219.1
Project("{8BC9CEB8-8B4A-11D0-8D11-00A0C91BC942}") = "Ray3DEngine", "Ray3DEngine.vcxproj", "{6340F895-23BC-44B3-9667-92311D8AFFA2}"
EndProject
Global
	GlobalSection(SolutionConfigurationPlatforms) = preSolution
		Debug|x64 = Debug|x64
		Debug|x86 = Debug|x86
		Release(GameMode)|x64 = Release(GameMode)|x64
		Release(GameMode)|x86 = Release(GameMode)|x86
		Release|x64 = Release|x64
		Release|x86 = Release|x86
	EndGlobalSection
	GlobalSection(ProjectConfigurationPlatforms) = postSolution
		{6340F895-23BC-44B3-9667-92311D8AFFA2}.Debug|x64.ActiveCfg = Debug|Win32
		{6340F895-23BC-44B3-9667-92311D8AFFA2}.Debug|x64.Build.0 = Debug|Win32
		{6340F895-23BC-44B3-9667-92311D8AFFA2}.Debug|x86.ActiveCfg = Debug|Win32
		{6340F895-23BC-44B3-9667-92311D8AFFA2}.Debug|x86.Build.0 = Debug|Win32
		{6340F895-23BC-44B3-9667-92311D8AFFA2}.Release(GameMode)|x64.ActiveCfg = Release(GameMode)|Win32
		{6340F895-23BC-44B3-9667-92311D8AFFA2}.Release(GameMode)|x64.Build.0 = Release(GameMode)|Win32
		{6340F895-23BC-44B3-9667-92311D8AFFA2}.Release(GameMode)|x86.ActiveCfg = Release(GameMode)|Win32
		{6340F895-23BC-44B3-9667-92311D8AFFA2}.Release(GameMode)|x86.Build.0 = Release(GameMode)|Win32
		{6340F895-23BC-44B3-9667-92311D8AFFA2}.Release|x64.ActiveCfg = Release|x64
		{6340F895-23BC-44B3-9667-92311D8AFFA2}.Release|x64.Build.0 = Release|x64
		{6340F895-23BC-44B3-9667-92311D8AFFA2}.Release|x86.ActiveCfg = Release|Win32
		{6340F895-23BC-44B3-9667-92311D8AFFA2}.Release|x86.Build.0 = Release|Win32
	EndGlobalSection
	GlobalSection(SolutionProperties) = preSolution
		HideSolutionNode = FALSE
	EndGlobalSection
	GlobalSection(ExtensibilityGlobals) = postSolution
		SolutionGuid = {BF3EBAB9-1D37-4DD0-94E4-D66B92E05C74}
	EndGlobalSection
EndGlobal
