<?xml version="1.0" encoding="utf-8"?>
<Project ToolsVersion="4.0" xmlns="http://schemas.microsoft.com/developer/msbuild/2003">
  <ItemGroup>
    <Filter Include="Fichiers sources">
      <UniqueIdentifier>{4FC737F1-C7A5-4376-A066-2A32D752A2FF}</UniqueIdentifier>
      <Extensions>cpp;c;cc;cxx;c++;cppm;ixx;def;odl;idl;hpj;bat;asm;asmx</Extensions>
    </Filter>
    <Filter Include="Fichiers d%27en-tête">
      <UniqueIdentifier>{93995380-89BD-4b04-88EB-625FBE52EBFB}</UniqueIdentifier>
      <Extensions>h;hh;hpp;hxx;h++;hm;inl;inc;ipp;xsd</Extensions>
    </Filter>
    <Filter Include="Fichiers de ressources">
      <UniqueIdentifier>{67DA6AB6-F800-4c08-8B7A-83BB121AAD01}</UniqueIdentifier>
      <Extensions>rc;ico;cur;bmp;dlg;rc2;rct;bin;rgs;gif;jpg;jpeg;jpe;resx;tiff;tif;png;wav;mfcribbon-ms</Extensions>
    </Filter>
    <Filter Include="Fichiers d%27en-tête\External">
      <UniqueIdentifier>{faccfef1-abeb-4d23-b9c0-d80a91c9abfc}</UniqueIdentifier>
    </Filter>
    <Filter Include="Fichiers sources\External">
      <UniqueIdentifier>{688ec044-c188-4ce0-9d97-3501e678dee6}</UniqueIdentifier>
    </Filter>
    <Filter Include="Fichiers d%27en-tête\Components">
      <UniqueIdentifier>{adcfecc4-093e-4cd9-bb2c-b193f4ed650c}</UniqueIdentifier>
    </Filter>
    <Filter Include="Fichiers d%27en-tête\Core">
      <UniqueIdentifier>{8c2bc4b8-b9f8-43ff-8c9c-719f353db1f9}</UniqueIdentifier>
    </Filter>
    <Filter Include="Fichiers d%27en-tête\Physics">
      <UniqueIdentifier>{3efd2e59-4022-461f-954c-5847c1c49bb8}</UniqueIdentifier>
    </Filter>
    <Filter Include="Fichiers d%27en-tête\Ressources">
      <UniqueIdentifier>{94bba636-36e1-4b4d-82a2-a8e07cd270bc}</UniqueIdentifier>
    </Filter>
    <Filter Include="Fichiers sources\Components">
      <UniqueIdentifier>{fc1df18c-38fb-4b7a-a5d5-11fe797f868f}</UniqueIdentifier>
    </Filter>
    <Filter Include="Fichiers sources\Core">
      <UniqueIdentifier>{04ff00ed-e5ba-4c80-bfdd-ed3ba3759025}</UniqueIdentifier>
    </Filter>
    <Filter Include="Fichiers sources\Ressources">
      <UniqueIdentifier>{548283d4-9b61-488a-9ca4-31a002c96172}</UniqueIdentifier>
    </Filter>
    <Filter Include="Fichiers sources\Physics">
      <UniqueIdentifier>{c39fe396-22b1-4090-a39b-8aeae6505cd4}</UniqueIdentifier>
    </Filter>
    <Filter Include="Fichiers d%27en-tête\Debug">
      <UniqueIdentifier>{1a2ae6cd-5f35-4373-8c07-4fc317641f9e}</UniqueIdentifier>
    </Filter>
    <Filter Include="Fichiers sources\Debug">
      <UniqueIdentifier>{f1ad9d08-696e-4aec-9db8-1c34c1be6397}</UniqueIdentifier>
    </Filter>
    <Filter Include="Fichiers d%27en-tête\Components\Component">
      <UniqueIdentifier>{d36136e5-5fa0-4e9c-98b2-f964f4f5f0ad}</UniqueIdentifier>
    </Filter>
    <Filter Include="Fichiers sources\Components\Component">
      <UniqueIdentifier>{162eba96-afca-48c5-ae1d-23cad03f751f}</UniqueIdentifier>
    </Filter>
  </ItemGroup>
  <ItemGroup>
    <ClCompile Include="Sources\Main.cpp">
      <Filter>Fichiers sources</Filter>
    </ClCompile>
    <ClCompile Include="Sources\Components\IComponent.cpp">
      <Filter>Fichiers sources\Components</Filter>
    </ClCompile>
    <ClCompile Include="Sources\Core\Application.cpp">
      <Filter>Fichiers sources\Core</Filter>
    </ClCompile>
    <ClCompile Include="Sources\Core\CamerasManager.cpp">
      <Filter>Fichiers sources\Core</Filter>
    </ClCompile>
    <ClCompile Include="Sources\Core\GameObject.cpp">
      <Filter>Fichiers sources\Core</Filter>
    </ClCompile>
    <ClCompile Include="Sources\Core\InputsManager.cpp">
      <Filter>Fichiers sources\Core</Filter>
    </ClCompile>
    <ClCompile Include="Sources\Core\LocalisationsManager.cpp">
      <Filter>Fichiers sources\Core</Filter>
    </ClCompile>
    <ClCompile Include="Sources\Core\SettingsManager.cpp">
      <Filter>Fichiers sources\Core</Filter>
    </ClCompile>
    <ClCompile Include="Sources\Physics\PhysicsManager.cpp">
      <Filter>Fichiers sources\Physics</Filter>
    </ClCompile>
    <ClCompile Include="Sources\Ressources\IRessource.cpp">
      <Filter>Fichiers sources\Ressources</Filter>
    </ClCompile>
    <ClCompile Include="Sources\Ressources\RessourcesManager.cpp">
      <Filter>Fichiers sources\Ressources</Filter>
    </ClCompile>
    <ClCompile Include="Sources\Components\ComponentsManager.cpp">
      <Filter>Fichiers sources\Components</Filter>
    </ClCompile>
    <ClCompile Include="Sources\Debug\Log.cpp">
      <Filter>Fichiers sources\Debug</Filter>
    </ClCompile>
    <ClCompile Include="Sources\Ressources\Scene.cpp">
      <Filter>Fichiers sources\Ressources</Filter>
    </ClCompile>
    <ClCompile Include="Sources\Core\GameObjectManager.cpp">
      <Filter>Fichiers sources\Core</Filter>
    </ClCompile>
    <ClCompile Include="Sources\Components\Component\Camera.cpp">
      <Filter>Fichiers sources\Components\Component</Filter>
    </ClCompile>
    <ClCompile Include="Sources\Core\Time.cpp">
      <Filter>Fichiers sources\Core</Filter>
    </ClCompile>
    <ClCompile Include="External\Sources\imgui.cpp">
      <Filter>Fichiers sources\External</Filter>
    </ClCompile>
    <ClCompile Include="External\Sources\imgui_demo.cpp">
      <Filter>Fichiers sources\External</Filter>
    </ClCompile>
    <ClCompile Include="External\Sources\imgui_draw.cpp">
      <Filter>Fichiers sources\External</Filter>
    </ClCompile>
    <ClCompile Include="External\Sources\imgui_tables.cpp">
      <Filter>Fichiers sources\External</Filter>
    </ClCompile>
    <ClCompile Include="External\Sources\imgui_widgets.cpp">
      <Filter>Fichiers sources\External</Filter>
    </ClCompile>
    <ClCompile Include="External\Sources\rlImGui.cpp">
      <Filter>Fichiers sources\External</Filter>
    </ClCompile>
    <ClCompile Include="External\Sources\tinyxml2.cpp">
      <Filter>Fichiers sources\External</Filter>
    </ClCompile>
    <ClCompile Include="External\Sources\imgui_stdlib.cpp">
      <Filter>Fichiers sources\External</Filter>
    </ClCompile>
    <ClCompile Include="Sources\Components\Component\Transform.cpp">
      <Filter>Fichiers sources\Components\Component</Filter>
    </ClCompile>
    <ClCompile Include="External\Sources\ImGuizmo.cpp">
      <Filter>Fichiers sources\External</Filter>
    </ClCompile>
  </ItemGroup>
  <ItemGroup>
    <ClInclude Include="External\Includes\raygui.h">
      <Filter>Fichiers d%27en-tête\External</Filter>
    </ClInclude>
    <ClInclude Include="External\Includes\tinyjson.hpp">
      <Filter>Fichiers d%27en-tête\External</Filter>
    </ClInclude>
    <ClInclude Include="External\Includes\tinyxml2.h">
      <Filter>Fichiers d%27en-tête\External</Filter>
    </ClInclude>
    <ClInclude Include="Includes\Define.h">
      <Filter>Fichiers d%27en-tête</Filter>
    </ClInclude>
    <ClInclude Include="Includes\Components\IComponent.h">
      <Filter>Fichiers d%27en-tête\Components</Filter>
    </ClInclude>
    <ClInclude Include="Includes\Core\Application.h">
      <Filter>Fichiers d%27en-tête\Core</Filter>
    </ClInclude>
    <ClInclude Include="Includes\Core\CamerasManager.h">
      <Filter>Fichiers d%27en-tête\Core</Filter>
    </ClInclude>
    <ClInclude Include="Includes\Core\GameObject.h">
      <Filter>Fichiers d%27en-tête\Core</Filter>
    </ClInclude>
    <ClInclude Include="Includes\Core\InputsManager.h">
      <Filter>Fichiers d%27en-tête\Core</Filter>
    </ClInclude>
    <ClInclude Include="Includes\Core\LocalisationsManager.h">
      <Filter>Fichiers d%27en-tête\Core</Filter>
    </ClInclude>
    <ClInclude Include="Includes\Core\SettingsManager.h">
      <Filter>Fichiers d%27en-tête\Core</Filter>
    </ClInclude>
    <ClInclude Include="Includes\Ressources\IRessource.h">
      <Filter>Fichiers d%27en-tête\Ressources</Filter>
    </ClInclude>
    <ClInclude Include="Includes\Ressources\RessourcesManager.h">
      <Filter>Fichiers d%27en-tête\Ressources</Filter>
    </ClInclude>
    <ClInclude Include="Includes\Physics\PhysicsManager.h">
      <Filter>Fichiers d%27en-tête\Physics</Filter>
    </ClInclude>
    <ClInclude Include="Includes\Components\ComponentsManager.h">
      <Filter>Fichiers d%27en-tête\Components</Filter>
    </ClInclude>
    <ClInclude Include="Includes\Debug\Log.h">
      <Filter>Fichiers d%27en-tête\Debug</Filter>
    </ClInclude>
    <ClInclude Include="Includes\Debug\Assert.h">
      <Filter>Fichiers d%27en-tête\Debug</Filter>
    </ClInclude>
    <ClInclude Include="Includes\Ressources\Scene.h">
      <Filter>Fichiers d%27en-tête\Ressources</Filter>
    </ClInclude>
    <ClInclude Include="Includes\Core\GameObjectManager.h">
      <Filter>Fichiers d%27en-tête\Core</Filter>
    </ClInclude>
    <ClInclude Include="Includes\Components\Component\Camera.h">
      <Filter>Fichiers d%27en-tête\Components\Component</Filter>
    </ClInclude>
    <ClInclude Include="Includes\Core\Time.h">
      <Filter>Fichiers d%27en-tête\Core</Filter>
    </ClInclude>
    <ClInclude Include="External\Includes\imconfig.h">
      <Filter>Fichiers d%27en-tête\External</Filter>
    </ClInclude>
    <ClInclude Include="External\Includes\imgui.h">
      <Filter>Fichiers d%27en-tête\External</Filter>
    </ClInclude>
    <ClInclude Include="External\Includes\imgui_impl_raylib.h">
      <Filter>Fichiers d%27en-tête\External</Filter>
    </ClInclude>
    <ClInclude Include="External\Includes\imgui_internal.h">
      <Filter>Fichiers d%27en-tête\External</Filter>
    </ClInclude>
    <ClInclude Include="External\Includes\imstb_rectpack.h">
      <Filter>Fichiers d%27en-tête\External</Filter>
    </ClInclude>
    <ClInclude Include="External\Includes\imstb_textedit.h">
      <Filter>Fichiers d%27en-tête\External</Filter>
    </ClInclude>
    <ClInclude Include="External\Includes\imstb_truetype.h">
      <Filter>Fichiers d%27en-tête\External</Filter>
    </ClInclude>
    <ClInclude Include="External\Includes\rlImGui.h">
      <Filter>Fichiers d%27en-tête\External</Filter>
    </ClInclude>
    <ClInclude Include="External\Includes\rlImGuiColors.h">
      <Filter>Fichiers d%27en-tête\External</Filter>
    </ClInclude>
    <ClInclude Include="External\Includes\imgui_stdlib.h">
      <Filter>Fichiers d%27en-tête\External</Filter>
    </ClInclude>
    <ClInclude Include="Includes\Components\Component\Transform.h">
      <Filter>Fichiers d%27en-tête\Components\Component</Filter>
    </ClInclude>
    <ClInclude Include="External\Includes\Snowflake.hpp">
      <Filter>Fichiers d%27en-tête\External</Filter>
    </ClInclude>
    <ClInclude Include="External\Includes\ImGuizmo.h">
      <Filter>Fichiers d%27en-tête\External</Filter>
    </ClInclude>
  </ItemGroup>
</Project>